
Microsoft Visual Studio Solution File, Format Version 12.00
# Visual Studio 15
Project("{FAE04EC0-301F-11D3-BF4B-00C04F79EFBC}") = "UnityEngine.UI", "UnityEngine.UI.csproj", "{AD5036E7-BD50-617F-F5BC-99FE4ADE2FF1}"
EndProject
Project("{FAE04EC0-301F-11D3-BF4B-00C04F79EFBC}") = "UnityEngine.TestRunner", "UnityEngine.TestRunner.csproj", "{0AD571C7-88BF-DA0A-51D1-36C76E85A60A}"
EndProject
Project("{FAE04EC0-301F-11D3-BF4B-00C04F79EFBC}") = "Unity.VisualScripting.Flow", "Unity.VisualScripting.Flow.csproj", "{EE213F07-7170-6DA0-AD44-AF2C1F3CBEB2}"
EndProject
Project("{FAE04EC0-301F-11D3-BF4B-00C04F79EFBC}") = "Assembly-CSharp", "Assembly-CSharp.csproj", "{09307921-2ECE-790B-E3A3-30052B87CBD8}"
EndProject
Project("{FAE04EC0-301F-11D3-BF4B-00C04F79EFBC}") = "LeanTransition", "LeanTransition.csproj", "{C863DBC3-8E17-C082-84DD-BF9C6C41DB23}"
EndProject
Project("{FAE04EC0-301F-11D3-BF4B-00C04F79EFBC}") = "Unity.VisualScripting.State", "Unity.VisualScripting.State.csproj", "{99166C9A-B300-7674-4FFE-E268CA0C1B1E}"
EndProject
Project("{FAE04EC0-301F-11D3-BF4B-00C04F79EFBC}") = "Unity.VisualScripting.Core", "Unity.VisualScripting.Core.csproj", "{E426CEE7-2965-08FB-F683-868FD1FD6CBB}"
EndProject
Project("{FAE04EC0-301F-11D3-BF4B-00C04F79EFBC}") = "Unity.Postprocessing.Runtime", "Unity.Postprocessing.Runtime.csproj", "{4A91DE80-60D5-000D-8B29-1F5BAF745845}"
EndProject
Project("{FAE04EC0-301F-11D3-BF4B-00C04F79EFBC}") = "CW.Common", "CW.Common.csproj", "{F043C7B5-D6AD-48D8-8ED4-EA2DB7D9A36C}"
EndProject
Project("{FAE04EC0-301F-11D3-BF4B-00C04F79EFBC}") = "RuntimeInspector.Runtime", "RuntimeInspector.Runtime.csproj", "{BD3E8F4F-0148-1586-B275-6B15A3D92E65}"
EndProject
Project("{FAE04EC0-301F-11D3-BF4B-00C04F79EFBC}") = "LeanGUI", "LeanGUI.csproj", "{08666156-8C1A-99E5-E01D-66E2B7288981}"
EndProject
Project("{FAE04EC0-301F-11D3-BF4B-00C04F79EFBC}") = "Unity.TextMeshPro", "Unity.TextMeshPro.csproj", "{89841BB5-714A-517E-A9CF-EFC89A015C59}"
EndProject
Project("{FAE04EC0-301F-11D3-BF4B-00C04F79EFBC}") = "Cinemachine", "Cinemachine.csproj", "{5FBA39E0-869B-808E-DD3C-5084368B9C71}"
EndProject
Project("{FAE04EC0-301F-11D3-BF4B-00C04F79EFBC}") = "Unity.Timeline", "Unity.Timeline.csproj", "{7F8DFE4A-DDEF-550E-B71F-85F06AC99C70}"
EndProject
Project("{FAE04EC0-301F-11D3-BF4B-00C04F79EFBC}") = "FFmpegOut", "FFmpegOut.csproj", "{8B89B409-B9F1-59C3-76A7-BCFEB0371219}"
EndProject
Project("{FAE04EC0-301F-11D3-BF4B-00C04F79EFBC}") = "LeanCommon", "LeanCommon.csproj", "{BC09AA4A-E451-2853-8FC5-FCF308CD031D}"
EndProject
Project("{FAE04EC0-301F-11D3-BF4B-00C04F79EFBC}") = "RuntimeSceneGizmo.Runtime", "RuntimeSceneGizmo.Runtime.csproj", "{96037FF3-3330-1D9F-0E2F-217EFDDBBA1C}"
EndProject
Project("{FAE04EC0-301F-11D3-BF4B-00C04F79EFBC}") = "RuntimePreviewGenerator.Runtime", "RuntimePreviewGenerator.Runtime.csproj", "{568F1F73-4AA8-02F3-7C71-BD100D587C31}"
EndProject
Project("{FAE04EC0-301F-11D3-BF4B-00C04F79EFBC}") = "Unity.PlasticSCM.Editor", "Unity.PlasticSCM.Editor.csproj", "{83D6242D-3F2E-F26E-D72A-ECB163DBE056}"
EndProject
Project("{FAE04EC0-301F-11D3-BF4B-00C04F79EFBC}") = "Unity.VisualScripting.Core.Editor", "Unity.VisualScripting.Core.Editor.csproj", "{A19C624E-AB42-203D-D9AF-46A2E79745EF}"
EndProject
Project("{FAE04EC0-301F-11D3-BF4B-00C04F79EFBC}") = "Unity.VisualScripting.Flow.Editor", "Unity.VisualScripting.Flow.Editor.csproj", "{7DD8BCD4-7B73-7608-A78F-84BF5D70B8BC}"
EndProject
Project("{FAE04EC0-301F-11D3-BF4B-00C04F79EFBC}") = "Unity.VisualStudio.Editor", "Unity.VisualStudio.Editor.csproj", "{2E00ABD8-EEA2-4BCF-8F06-CE5719326420}"
EndProject
Project("{FAE04EC0-301F-11D3-BF4B-00C04F79EFBC}") = "Unity.Timeline.Editor", "Unity.Timeline.Editor.csproj", "{E7CC179C-996C-9031-A8B8-D928EE8EA4AD}"
EndProject
Project("{FAE04EC0-301F-11D3-BF4B-00C04F79EFBC}") = "com.unity.cinemachine.editor", "com.unity.cinemachine.editor.csproj", "{C55016FA-C256-F854-EDFB-FBF262E5544C}"
EndProject
Project("{FAE04EC0-301F-11D3-BF4B-00C04F79EFBC}") = "Unity.VisualScripting.State.Editor", "Unity.VisualScripting.State.Editor.csproj", "{2EFEB338-839B-8A5C-B658-5413DCFBAB90}"
EndProject
Project("{FAE04EC0-301F-11D3-BF4B-00C04F79EFBC}") = "Unity.TextMeshPro.Editor", "Unity.TextMeshPro.Editor.csproj", "{5EBA1BE1-3CDF-CF52-5BB9-4129EFB3A0C6}"
EndProject
Project("{FAE04EC0-301F-11D3-BF4B-00C04F79EFBC}") = "Unity.VisualScripting.SettingsProvider.Editor", "Unity.VisualScripting.SettingsProvider.Editor.csproj", "{C99F528A-976B-1F59-FC31-8BBE256AB6E5}"
EndProject
Project("{FAE04EC0-301F-11D3-BF4B-00C04F79EFBC}") = "Unity.Postprocessing.Editor", "Unity.Postprocessing.Editor.csproj", "{B08D346D-82C8-7AC9-C642-DD3AF4816784}"
EndProject
Project("{FAE04EC0-301F-11D3-BF4B-00C04F79EFBC}") = "UnityEditor.TestRunner", "UnityEditor.TestRunner.csproj", "{29C9372C-0CD7-F828-BBD0-6A5B28226B4F}"
EndProject
Project("{FAE04EC0-301F-11D3-BF4B-00C04F79EFBC}") = "Unity.TestTools.CodeCoverage.Editor", "Unity.TestTools.CodeCoverage.Editor.csproj", "{837FC5D4-99E3-8758-34C6-33B532990D95}"
EndProject
Project("{FAE04EC0-301F-11D3-BF4B-00C04F79EFBC}") = "Unity.Rider.Editor", "Unity.Rider.Editor.csproj", "{F3939E86-E848-1075-BBF5-D1A08FD4F0FC}"
EndProject
Project("{FAE04EC0-301F-11D3-BF4B-00C04F79EFBC}") = "Unity.Performance.Profile-Analyzer.Editor", "Unity.Performance.Profile-Analyzer.Editor.csproj", "{8C3D92F1-01A2-C88C-51B0-A8AC9F8924AB}"
EndProject
Project("{FAE04EC0-301F-11D3-BF4B-00C04F79EFBC}") = "Unity.VSCode.Editor", "Unity.VSCode.Editor.csproj", "{7C1E3362-54C9-F2B9-CFA3-D1EF89F91959}"
EndProject
Project("{FAE04EC0-301F-11D3-BF4B-00C04F79EFBC}") = "UnityEditor.UI", "UnityEditor.UI.csproj", "{1C9784AC-D67A-C452-880B-9FDA4BBFAD3B}"
EndProject
Project("{FAE04EC0-301F-11D3-BF4B-00C04F79EFBC}") = "Unity.TestTools.CodeCoverage.Editor.OpenCover.Model", "Unity.TestTools.CodeCoverage.Editor.OpenCover.Model.csproj", "{E1BEEDA0-290F-B98A-CA1F-EF369F8E16C8}"
EndProject
Project("{FAE04EC0-301F-11D3-BF4B-00C04F79EFBC}") = "Unity.EditorCoroutines.Editor", "Unity.EditorCoroutines.Editor.csproj", "{F8C12F72-5724-AE85-AD75-E144CF314616}"
EndProject
Project("{FAE04EC0-301F-11D3-BF4B-00C04F79EFBC}") = "Unity.Settings.Editor", "Unity.Settings.Editor.csproj", "{9C65BB91-2A34-1612-7CC4-237B54431085}"
EndProject
Project("{FAE04EC0-301F-11D3-BF4B-00C04F79EFBC}") = "Unity.CollabProxy.Editor", "Unity.CollabProxy.Editor.csproj", "{D292A2E3-9152-320D-DD43-3E53EDBBC0FB}"
EndProject
Project("{FAE04EC0-301F-11D3-BF4B-00C04F79EFBC}") = "Assembly-CSharp-Editor", "Assembly-CSharp-Editor.csproj", "{40082B51-0662-1425-73D1-488FFB382BD0}"
EndProject
Project("{FAE04EC0-301F-11D3-BF4B-00C04F79EFBC}") = "LeanTransition.Editor", "LeanTransition.Editor.csproj", "{A199AF29-B413-7707-356D-CA1D0DBBEB00}"
EndProject
Project("{FAE04EC0-301F-11D3-BF4B-00C04F79EFBC}") = "FFmpegOut.Editor", "FFmpegOut.Editor.csproj", "{9258CDE2-54EA-8684-4D2C-C37EE0F435B2}"
EndProject
Project("{FAE04EC0-301F-11D3-BF4B-00C04F79EFBC}") = "Unity.TestTools.CodeCoverage.Editor.OpenCover.Mono.Reflection", "Unity.TestTools.CodeCoverage.Editor.OpenCover.Mono.Reflection.csproj", "{480F1263-A0A6-72A7-D2E2-8E8237F6C72D}"
EndProject
Project("{FAE04EC0-301F-11D3-BF4B-00C04F79EFBC}") = "Unity.VisualScripting.Shared.Editor", "Unity.VisualScripting.Shared.Editor.csproj", "{FDE5B3F0-DD55-0161-9F75-30172F1B5E88}"
EndProject
Global
	GlobalSection(SolutionConfigurationPlatforms) = preSolution
		Debug|Any CPU = Debug|Any CPU
		Release|Any CPU = Release|Any CPU
	EndGlobalSection
	GlobalSection(ProjectConfigurationPlatforms) = postSolution
		{AD5036E7-BD50-617F-F5BC-99FE4ADE2FF1}.Debug|Any CPU.ActiveCfg = Debug|Any CPU
		{AD5036E7-BD50-617F-F5BC-99FE4ADE2FF1}.Debug|Any CPU.Build.0 = Debug|Any CPU
		{AD5036E7-BD50-617F-F5BC-99FE4ADE2FF1}.Release|Any CPU.ActiveCfg = Release|Any CPU
		{AD5036E7-BD50-617F-F5BC-99FE4ADE2FF1}.Release|Any CPU.Build.0 = Release|Any CPU
		{0AD571C7-88BF-DA0A-51D1-36C76E85A60A}.Debug|Any CPU.ActiveCfg = Debug|Any CPU
		{0AD571C7-88BF-DA0A-51D1-36C76E85A60A}.Debug|Any CPU.Build.0 = Debug|Any CPU
		{0AD571C7-88BF-DA0A-51D1-36C76E85A60A}.Release|Any CPU.ActiveCfg = Release|Any CPU
		{0AD571C7-88BF-DA0A-51D1-36C76E85A60A}.Release|Any CPU.Build.0 = Release|Any CPU
		{EE213F07-7170-6DA0-AD44-AF2C1F3CBEB2}.Debug|Any CPU.ActiveCfg = Debug|Any CPU
		{EE213F07-7170-6DA0-AD44-AF2C1F3CBEB2}.Debug|Any CPU.Build.0 = Debug|Any CPU
		{EE213F07-7170-6DA0-AD44-AF2C1F3CBEB2}.Release|Any CPU.ActiveCfg = Release|Any CPU
		{EE213F07-7170-6DA0-AD44-AF2C1F3CBEB2}.Release|Any CPU.Build.0 = Release|Any CPU
		{09307921-2ECE-790B-E3A3-30052B87CBD8}.Debug|Any CPU.ActiveCfg = Debug|Any CPU
		{09307921-2ECE-790B-E3A3-30052B87CBD8}.Debug|Any CPU.Build.0 = Debug|Any CPU
		{09307921-2ECE-790B-E3A3-30052B87CBD8}.Release|Any CPU.ActiveCfg = Release|Any CPU
		{09307921-2ECE-790B-E3A3-30052B87CBD8}.Release|Any CPU.Build.0 = Release|Any CPU
		{C863DBC3-8E17-C082-84DD-BF9C6C41DB23}.Debug|Any CPU.ActiveCfg = Debug|Any CPU
		{C863DBC3-8E17-C082-84DD-BF9C6C41DB23}.Debug|Any CPU.Build.0 = Debug|Any CPU
		{C863DBC3-8E17-C082-84DD-BF9C6C41DB23}.Release|Any CPU.ActiveCfg = Release|Any CPU
		{C863DBC3-8E17-C082-84DD-BF9C6C41DB23}.Release|Any CPU.Build.0 = Release|Any CPU
		{99166C9A-B300-7674-4FFE-E268CA0C1B1E}.Debug|Any CPU.ActiveCfg = Debug|Any CPU
		{99166C9A-B300-7674-4FFE-E268CA0C1B1E}.Debug|Any CPU.Build.0 = Debug|Any CPU
		{99166C9A-B300-7674-4FFE-E268CA0C1B1E}.Release|Any CPU.ActiveCfg = Release|Any CPU
		{99166C9A-B300-7674-4FFE-E268CA0C1B1E}.Release|Any CPU.Build.0 = Release|Any CPU
		{E426CEE7-2965-08FB-F683-868FD1FD6CBB}.Debug|Any CPU.ActiveCfg = Debug|Any CPU
		{E426CEE7-2965-08FB-F683-868FD1FD6CBB}.Debug|Any CPU.Build.0 = Debug|Any CPU
		{E426CEE7-2965-08FB-F683-868FD1FD6CBB}.Release|Any CPU.ActiveCfg = Release|Any CPU
		{E426CEE7-2965-08FB-F683-868FD1FD6CBB}.Release|Any CPU.Build.0 = Release|Any CPU
		{4A91DE80-60D5-000D-8B29-1F5BAF745845}.Debug|Any CPU.ActiveCfg = Debug|Any CPU
		{4A91DE80-60D5-000D-8B29-1F5BAF745845}.Debug|Any CPU.Build.0 = Debug|Any CPU
		{4A91DE80-60D5-000D-8B29-1F5BAF745845}.Release|Any CPU.ActiveCfg = Release|Any CPU
		{4A91DE80-60D5-000D-8B29-1F5BAF745845}.Release|Any CPU.Build.0 = Release|Any CPU
		{F043C7B5-D6AD-48D8-8ED4-EA2DB7D9A36C}.Debug|Any CPU.ActiveCfg = Debug|Any CPU
		{F043C7B5-D6AD-48D8-8ED4-EA2DB7D9A36C}.Debug|Any CPU.Build.0 = Debug|Any CPU
		{F043C7B5-D6AD-48D8-8ED4-EA2DB7D9A36C}.Release|Any CPU.ActiveCfg = Release|Any CPU
		{F043C7B5-D6AD-48D8-8ED4-EA2DB7D9A36C}.Release|Any CPU.Build.0 = Release|Any CPU
		{BD3E8F4F-0148-1586-B275-6B15A3D92E65}.Debug|Any CPU.ActiveCfg = Debug|Any CPU
		{BD3E8F4F-0148-1586-B275-6B15A3D92E65}.Debug|Any CPU.Build.0 = Debug|Any CPU
		{BD3E8F4F-0148-1586-B275-6B15A3D92E65}.Release|Any CPU.ActiveCfg = Release|Any CPU
		{BD3E8F4F-0148-1586-B275-6B15A3D92E65}.Release|Any CPU.Build.0 = Release|Any CPU
		{08666156-8C1A-99E5-E01D-66E2B7288981}.Debug|Any CPU.ActiveCfg = Debug|Any CPU
		{08666156-8C1A-99E5-E01D-66E2B7288981}.Debug|Any CPU.Build.0 = Debug|Any CPU
		{08666156-8C1A-99E5-E01D-66E2B7288981}.Release|Any CPU.ActiveCfg = Release|Any CPU
		{08666156-8C1A-99E5-E01D-66E2B7288981}.Release|Any CPU.Build.0 = Release|Any CPU
		{89841BB5-714A-517E-A9CF-EFC89A015C59}.Debug|Any CPU.ActiveCfg = Debug|Any CPU
		{89841BB5-714A-517E-A9CF-EFC89A015C59}.Debug|Any CPU.Build.0 = Debug|Any CPU
		{89841BB5-714A-517E-A9CF-EFC89A015C59}.Release|Any CPU.ActiveCfg = Release|Any CPU
		{89841BB5-714A-517E-A9CF-EFC89A015C59}.Release|Any CPU.Build.0 = Release|Any CPU
		{5FBA39E0-869B-808E-DD3C-5084368B9C71}.Debug|Any CPU.ActiveCfg = Debug|Any CPU
		{5FBA39E0-869B-808E-DD3C-5084368B9C71}.Debug|Any CPU.Build.0 = Debug|Any CPU
		{5FBA39E0-869B-808E-DD3C-5084368B9C71}.Release|Any CPU.ActiveCfg = Release|Any CPU
		{5FBA39E0-869B-808E-DD3C-5084368B9C71}.Release|Any CPU.Build.0 = Release|Any CPU
		{7F8DFE4A-DDEF-550E-B71F-85F06AC99C70}.Debug|Any CPU.ActiveCfg = Debug|Any CPU
		{7F8DFE4A-DDEF-550E-B71F-85F06AC99C70}.Debug|Any CPU.Build.0 = Debug|Any CPU
		{7F8DFE4A-DDEF-550E-B71F-85F06AC99C70}.Release|Any CPU.ActiveCfg = Release|Any CPU
		{7F8DFE4A-DDEF-550E-B71F-85F06AC99C70}.Release|Any CPU.Build.0 = Release|Any CPU
		{8B89B409-B9F1-59C3-76A7-BCFEB0371219}.Debug|Any CPU.ActiveCfg = Debug|Any CPU
		{8B89B409-B9F1-59C3-76A7-BCFEB0371219}.Debug|Any CPU.Build.0 = Debug|Any CPU
		{8B89B409-B9F1-59C3-76A7-BCFEB0371219}.Release|Any CPU.ActiveCfg = Release|Any CPU
		{8B89B409-B9F1-59C3-76A7-BCFEB0371219}.Release|Any CPU.Build.0 = Release|Any CPU
		{BC09AA4A-E451-2853-8FC5-FCF308CD031D}.Debug|Any CPU.ActiveCfg = Debug|Any CPU
		{BC09AA4A-E451-2853-8FC5-FCF308CD031D}.Debug|Any CPU.Build.0 = Debug|Any CPU
		{BC09AA4A-E451-2853-8FC5-FCF308CD031D}.Release|Any CPU.ActiveCfg = Release|Any CPU
		{BC09AA4A-E451-2853-8FC5-FCF308CD031D}.Release|Any CPU.Build.0 = Release|Any CPU
		{96037FF3-3330-1D9F-0E2F-217EFDDBBA1C}.Debug|Any CPU.ActiveCfg = Debug|Any CPU
		{96037FF3-3330-1D9F-0E2F-217EFDDBBA1C}.Debug|Any CPU.Build.0 = Debug|Any CPU
		{96037FF3-3330-1D9F-0E2F-217EFDDBBA1C}.Release|Any CPU.ActiveCfg = Release|Any CPU
		{96037FF3-3330-1D9F-0E2F-217EFDDBBA1C}.Release|Any CPU.Build.0 = Release|Any CPU
		{568F1F73-4AA8-02F3-7C71-BD100D587C31}.Debug|Any CPU.ActiveCfg = Debug|Any CPU
		{568F1F73-4AA8-02F3-7C71-BD100D587C31}.Debug|Any CPU.Build.0 = Debug|Any CPU
		{568F1F73-4AA8-02F3-7C71-BD100D587C31}.Release|Any CPU.ActiveCfg = Release|Any CPU
		{568F1F73-4AA8-02F3-7C71-BD100D587C31}.Release|Any CPU.Build.0 = Release|Any CPU
		{83D6242D-3F2E-F26E-D72A-ECB163DBE056}.Debug|Any CPU.ActiveCfg = Debug|Any CPU
		{83D6242D-3F2E-F26E-D72A-ECB163DBE056}.Debug|Any CPU.Build.0 = Debug|Any CPU
		{83D6242D-3F2E-F26E-D72A-ECB163DBE056}.Release|Any CPU.ActiveCfg = Release|Any CPU
		{83D6242D-3F2E-F26E-D72A-ECB163DBE056}.Release|Any CPU.Build.0 = Release|Any CPU
		{A19C624E-AB42-203D-D9AF-46A2E79745EF}.Debug|Any CPU.ActiveCfg = Debug|Any CPU
		{A19C624E-AB42-203D-D9AF-46A2E79745EF}.Debug|Any CPU.Build.0 = Debug|Any CPU
		{A19C624E-AB42-203D-D9AF-46A2E79745EF}.Release|Any CPU.ActiveCfg = Release|Any CPU
		{A19C624E-AB42-203D-D9AF-46A2E79745EF}.Release|Any CPU.Build.0 = Release|Any CPU
		{7DD8BCD4-7B73-7608-A78F-84BF5D70B8BC}.Debug|Any CPU.ActiveCfg = Debug|Any CPU
		{7DD8BCD4-7B73-7608-A78F-84BF5D70B8BC}.Debug|Any CPU.Build.0 = Debug|Any CPU
		{7DD8BCD4-7B73-7608-A78F-84BF5D70B8BC}.Release|Any CPU.ActiveCfg = Release|Any CPU
		{7DD8BCD4-7B73-7608-A78F-84BF5D70B8BC}.Release|Any CPU.Build.0 = Release|Any CPU
		{2E00ABD8-EEA2-4BCF-8F06-CE5719326420}.Debug|Any CPU.ActiveCfg = Debug|Any CPU
		{2E00ABD8-EEA2-4BCF-8F06-CE5719326420}.Debug|Any CPU.Build.0 = Debug|Any CPU
		{2E00ABD8-EEA2-4BCF-8F06-CE5719326420}.Release|Any CPU.ActiveCfg = Release|Any CPU
		{2E00ABD8-EEA2-4BCF-8F06-CE5719326420}.Release|Any CPU.Build.0 = Release|Any CPU
		{E7CC179C-996C-9031-A8B8-D928EE8EA4AD}.Debug|Any CPU.ActiveCfg = Debug|Any CPU
		{E7CC179C-996C-9031-A8B8-D928EE8EA4AD}.Debug|Any CPU.Build.0 = Debug|Any CPU
		{E7CC179C-996C-9031-A8B8-D928EE8EA4AD}.Release|Any CPU.ActiveCfg = Release|Any CPU
		{E7CC179C-996C-9031-A8B8-D928EE8EA4AD}.Release|Any CPU.Build.0 = Release|Any CPU
		{C55016FA-C256-F854-EDFB-FBF262E5544C}.Debug|Any CPU.ActiveCfg = Debug|Any CPU
		{C55016FA-C256-F854-EDFB-FBF262E5544C}.Debug|Any CPU.Build.0 = Debug|Any CPU
		{C55016FA-C256-F854-EDFB-FBF262E5544C}.Release|Any CPU.ActiveCfg = Release|Any CPU
		{C55016FA-C256-F854-EDFB-FBF262E5544C}.Release|Any CPU.Build.0 = Release|Any CPU
		{2EFEB338-839B-8A5C-B658-5413DCFBAB90}.Debug|Any CPU.ActiveCfg = Debug|Any CPU
		{2EFEB338-839B-8A5C-B658-5413DCFBAB90}.Debug|Any CPU.Build.0 = Debug|Any CPU
		{2EFEB338-839B-8A5C-B658-5413DCFBAB90}.Release|Any CPU.ActiveCfg = Release|Any CPU
		{2EFEB338-839B-8A5C-B658-5413DCFBAB90}.Release|Any CPU.Build.0 = Release|Any CPU
		{5EBA1BE1-3CDF-CF52-5BB9-4129EFB3A0C6}.Debug|Any CPU.ActiveCfg = Debug|Any CPU
		{5EBA1BE1-3CDF-CF52-5BB9-4129EFB3A0C6}.Debug|Any CPU.Build.0 = Debug|Any CPU
		{5EBA1BE1-3CDF-CF52-5BB9-4129EFB3A0C6}.Release|Any CPU.ActiveCfg = Release|Any CPU
		{5EBA1BE1-3CDF-CF52-5BB9-4129EFB3A0C6}.Release|Any CPU.Build.0 = Release|Any CPU
		{C99F528A-976B-1F59-FC31-8BBE256AB6E5}.Debug|Any CPU.ActiveCfg = Debug|Any CPU
		{C99F528A-976B-1F59-FC31-8BBE256AB6E5}.Debug|Any CPU.Build.0 = Debug|Any CPU
		{C99F528A-976B-1F59-FC31-8BBE256AB6E5}.Release|Any CPU.ActiveCfg = Release|Any CPU
		{C99F528A-976B-1F59-FC31-8BBE256AB6E5}.Release|Any CPU.Build.0 = Release|Any CPU
		{B08D346D-82C8-7AC9-C642-DD3AF4816784}.Debug|Any CPU.ActiveCfg = Debug|Any CPU
		{B08D346D-82C8-7AC9-C642-DD3AF4816784}.Debug|Any CPU.Build.0 = Debug|Any CPU
		{B08D346D-82C8-7AC9-C642-DD3AF4816784}.Release|Any CPU.ActiveCfg = Release|Any CPU
		{B08D346D-82C8-7AC9-C642-DD3AF4816784}.Release|Any CPU.Build.0 = Release|Any CPU
		{29C9372C-0CD7-F828-BBD0-6A5B28226B4F}.Debug|Any CPU.ActiveCfg = Debug|Any CPU
		{29C9372C-0CD7-F828-BBD0-6A5B28226B4F}.Debug|Any CPU.Build.0 = Debug|Any CPU
		{29C9372C-0CD7-F828-BBD0-6A5B28226B4F}.Release|Any CPU.ActiveCfg = Release|Any CPU
		{29C9372C-0CD7-F828-BBD0-6A5B28226B4F}.Release|Any CPU.Build.0 = Release|Any CPU
		{837FC5D4-99E3-8758-34C6-33B532990D95}.Debug|Any CPU.ActiveCfg = Debug|Any CPU
		{837FC5D4-99E3-8758-34C6-33B532990D95}.Debug|Any CPU.Build.0 = Debug|Any CPU
		{837FC5D4-99E3-8758-34C6-33B532990D95}.Release|Any CPU.ActiveCfg = Release|Any CPU
		{837FC5D4-99E3-8758-34C6-33B532990D95}.Release|Any CPU.Build.0 = Release|Any CPU
		{F3939E86-E848-1075-BBF5-D1A08FD4F0FC}.Debug|Any CPU.ActiveCfg = Debug|Any CPU
		{F3939E86-E848-1075-BBF5-D1A08FD4F0FC}.Debug|Any CPU.Build.0 = Debug|Any CPU
		{F3939E86-E848-1075-BBF5-D1A08FD4F0FC}.Release|Any CPU.ActiveCfg = Release|Any CPU
		{F3939E86-E848-1075-BBF5-D1A08FD4F0FC}.Release|Any CPU.Build.0 = Release|Any CPU
		{8C3D92F1-01A2-C88C-51B0-A8AC9F8924AB}.Debug|Any CPU.ActiveCfg = Debug|Any CPU
		{8C3D92F1-01A2-C88C-51B0-A8AC9F8924AB}.Debug|Any CPU.Build.0 = Debug|Any CPU
		{8C3D92F1-01A2-C88C-51B0-A8AC9F8924AB}.Release|Any CPU.ActiveCfg = Release|Any CPU
		{8C3D92F1-01A2-C88C-51B0-A8AC9F8924AB}.Release|Any CPU.Build.0 = Release|Any CPU
		{7C1E3362-54C9-F2B9-CFA3-D1EF89F91959}.Debug|Any CPU.ActiveCfg = Debug|Any CPU
		{7C1E3362-54C9-F2B9-CFA3-D1EF89F91959}.Debug|Any CPU.Build.0 = Debug|Any CPU
		{7C1E3362-54C9-F2B9-CFA3-D1EF89F91959}.Release|Any CPU.ActiveCfg = Release|Any CPU
		{7C1E3362-54C9-F2B9-CFA3-D1EF89F91959}.Release|Any CPU.Build.0 = Release|Any CPU
		{1C9784AC-D67A-C452-880B-9FDA4BBFAD3B}.Debug|Any CPU.ActiveCfg = Debug|Any CPU
		{1C9784AC-D67A-C452-880B-9FDA4BBFAD3B}.Debug|Any CPU.Build.0 = Debug|Any CPU
		{1C9784AC-D67A-C452-880B-9FDA4BBFAD3B}.Release|Any CPU.ActiveCfg = Release|Any CPU
		{1C9784AC-D67A-C452-880B-9FDA4BBFAD3B}.Release|Any CPU.Build.0 = Release|Any CPU
		{E1BEEDA0-290F-B98A-CA1F-EF369F8E16C8}.Debug|Any CPU.ActiveCfg = Debug|Any CPU
		{E1BEEDA0-290F-B98A-CA1F-EF369F8E16C8}.Debug|Any CPU.Build.0 = Debug|Any CPU
		{E1BEEDA0-290F-B98A-CA1F-EF369F8E16C8}.Release|Any CPU.ActiveCfg = Release|Any CPU
		{E1BEEDA0-290F-B98A-CA1F-EF369F8E16C8}.Release|Any CPU.Build.0 = Release|Any CPU
		{F8C12F72-5724-AE85-AD75-E144CF314616}.Debug|Any CPU.ActiveCfg = Debug|Any CPU
		{F8C12F72-5724-AE85-AD75-E144CF314616}.Debug|Any CPU.Build.0 = Debug|Any CPU
		{F8C12F72-5724-AE85-AD75-E144CF314616}.Release|Any CPU.ActiveCfg = Release|Any CPU
		{F8C12F72-5724-AE85-AD75-E144CF314616}.Release|Any CPU.Build.0 = Release|Any CPU
		{9C65BB91-2A34-1612-7CC4-237B54431085}.Debug|Any CPU.ActiveCfg = Debug|Any CPU
		{9C65BB91-2A34-1612-7CC4-237B54431085}.Debug|Any CPU.Build.0 = Debug|Any CPU
		{9C65BB91-2A34-1612-7CC4-237B54431085}.Release|Any CPU.ActiveCfg = Release|Any CPU
		{9C65BB91-2A34-1612-7CC4-237B54431085}.Release|Any CPU.Build.0 = Release|Any CPU
		{D292A2E3-9152-320D-DD43-3E53EDBBC0FB}.Debug|Any CPU.ActiveCfg = Debug|Any CPU
		{D292A2E3-9152-320D-DD43-3E53EDBBC0FB}.Debug|Any CPU.Build.0 = Debug|Any CPU
		{D292A2E3-9152-320D-DD43-3E53EDBBC0FB}.Release|Any CPU.ActiveCfg = Release|Any CPU
		{D292A2E3-9152-320D-DD43-3E53EDBBC0FB}.Release|Any CPU.Build.0 = Release|Any CPU
		{40082B51-0662-1425-73D1-488FFB382BD0}.Debug|Any CPU.ActiveCfg = Debug|Any CPU
		{40082B51-0662-1425-73D1-488FFB382BD0}.Debug|Any CPU.Build.0 = Debug|Any CPU
		{40082B51-0662-1425-73D1-488FFB382BD0}.Release|Any CPU.ActiveCfg = Release|Any CPU
		{40082B51-0662-1425-73D1-488FFB382BD0}.Release|Any CPU.Build.0 = Release|Any CPU
		{A199AF29-B413-7707-356D-CA1D0DBBEB00}.Debug|Any CPU.ActiveCfg = Debug|Any CPU
		{A199AF29-B413-7707-356D-CA1D0DBBEB00}.Debug|Any CPU.Build.0 = Debug|Any CPU
		{A199AF29-B413-7707-356D-CA1D0DBBEB00}.Release|Any CPU.ActiveCfg = Release|Any CPU
		{A199AF29-B413-7707-356D-CA1D0DBBEB00}.Release|Any CPU.Build.0 = Release|Any CPU
		{9258CDE2-54EA-8684-4D2C-C37EE0F435B2}.Debug|Any CPU.ActiveCfg = Debug|Any CPU
		{9258CDE2-54EA-8684-4D2C-C37EE0F435B2}.Debug|Any CPU.Build.0 = Debug|Any CPU
		{9258CDE2-54EA-8684-4D2C-C37EE0F435B2}.Release|Any CPU.ActiveCfg = Release|Any CPU
		{9258CDE2-54EA-8684-4D2C-C37EE0F435B2}.Release|Any CPU.Build.0 = Release|Any CPU
		{480F1263-A0A6-72A7-D2E2-8E8237F6C72D}.Debug|Any CPU.ActiveCfg = Debug|Any CPU
		{480F1263-A0A6-72A7-D2E2-8E8237F6C72D}.Debug|Any CPU.Build.0 = Debug|Any CPU
		{480F1263-A0A6-72A7-D2E2-8E8237F6C72D}.Release|Any CPU.ActiveCfg = Release|Any CPU
		{480F1263-A0A6-72A7-D2E2-8E8237F6C72D}.Release|Any CPU.Build.0 = Release|Any CPU
		{FDE5B3F0-DD55-0161-9F75-30172F1B5E88}.Debug|Any CPU.ActiveCfg = Debug|Any CPU
		{FDE5B3F0-DD55-0161-9F75-30172F1B5E88}.Debug|Any CPU.Build.0 = Debug|Any CPU
		{FDE5B3F0-DD55-0161-9F75-30172F1B5E88}.Release|Any CPU.ActiveCfg = Release|Any CPU
		{FDE5B3F0-DD55-0161-9F75-30172F1B5E88}.Release|Any CPU.Build.0 = Release|Any CPU
	EndGlobalSection
	GlobalSection(SolutionProperties) = preSolution
		HideSolutionNode = FALSE
	EndGlobalSection
EndGlobal
